
Microsoft Visual Studio Solution File, Format Version 12.00
# Visual Studio Version 17
VisualStudioVersion = 17.3.32611.2
MinimumVisualStudioVersion = 10.0.40219.1
Project("{8BC9CEB8-8B4A-11D0-8D11-00A0C91BC942}") = "Logo2Core", "Logo2Core\Logo2Core.vcxproj", "{B9F88CDA-77B1-4B54-91FE-FD37F8C9522F}"
EndProject
Project("{8BC9CEB8-8B4A-11D0-8D11-00A0C91BC942}") = "Logo2", "Logo2\Logo2.vcxproj", "{90A723C0-8CC4-420E-B6A7-CDB919BA55DC}"
EndProject
Project("{8BC9CEB8-8B4A-11D0-8D11-00A0C91BC942}") = "Logo2Runtime", "Logo2Runtime\Logo2Runtime.vcxproj", "{83F15D90-A190-4247-BCF0-A36E5FD24957}"
EndProject
Project("{8BC9CEB8-8B4A-11D0-8D11-00A0C91BC942}") = "SDL3++", "SDL3++\SDL3++.vcxproj", "{3D9859CF-9B9B-4B66-960C-250D5BADD1FB}"
EndProject
Project("{8BC9CEB8-8B4A-11D0-8D11-00A0C91BC942}") = "SDL++Test", "SDL++Test\SDL++Test.vcxproj", "{30EF42D4-4582-433A-9940-7882962640A3}"
EndProject
Global
	GlobalSection(SolutionConfigurationPlatforms) = preSolution
		Debug|x64 = Debug|x64
		Debug|x86 = Debug|x86
		Release|x64 = Release|x64
		Release|x86 = Release|x86
	EndGlobalSection
	GlobalSection(ProjectConfigurationPlatforms) = postSolution
		{B9F88CDA-77B1-4B54-91FE-FD37F8C9522F}.Debug|x64.ActiveCfg = Debug|x64
		{B9F88CDA-77B1-4B54-91FE-FD37F8C9522F}.Debug|x64.Build.0 = Debug|x64
		{B9F88CDA-77B1-4B54-91FE-FD37F8C9522F}.Debug|x86.ActiveCfg = Debug|Win32
		{B9F88CDA-77B1-4B54-91FE-FD37F8C9522F}.Debug|x86.Build.0 = Debug|Win32
		{B9F88CDA-77B1-4B54-91FE-FD37F8C9522F}.Release|x64.ActiveCfg = Release|x64
		{B9F88CDA-77B1-4B54-91FE-FD37F8C9522F}.Release|x64.Build.0 = Release|x64
		{B9F88CDA-77B1-4B54-91FE-FD37F8C9522F}.Release|x86.ActiveCfg = Release|Win32
		{B9F88CDA-77B1-4B54-91FE-FD37F8C9522F}.Release|x86.Build.0 = Release|Win32
		{90A723C0-8CC4-420E-B6A7-CDB919BA55DC}.Debug|x64.ActiveCfg = Debug|x64
		{90A723C0-8CC4-420E-B6A7-CDB919BA55DC}.Debug|x64.Build.0 = Debug|x64
		{90A723C0-8CC4-420E-B6A7-CDB919BA55DC}.Debug|x86.ActiveCfg = Debug|Win32
		{90A723C0-8CC4-420E-B6A7-CDB919BA55DC}.Debug|x86.Build.0 = Debug|Win32
		{90A723C0-8CC4-420E-B6A7-CDB919BA55DC}.Release|x64.ActiveCfg = Release|x64
		{90A723C0-8CC4-420E-B6A7-CDB919BA55DC}.Release|x64.Build.0 = Release|x64
		{90A723C0-8CC4-420E-B6A7-CDB919BA55DC}.Release|x86.ActiveCfg = Release|Win32
		{90A723C0-8CC4-420E-B6A7-CDB919BA55DC}.Release|x86.Build.0 = Release|Win32
		{83F15D90-A190-4247-BCF0-A36E5FD24957}.Debug|x64.ActiveCfg = Debug|x64
		{83F15D90-A190-4247-BCF0-A36E5FD24957}.Debug|x64.Build.0 = Debug|x64
		{83F15D90-A190-4247-BCF0-A36E5FD24957}.Debug|x86.ActiveCfg = Debug|Win32
		{83F15D90-A190-4247-BCF0-A36E5FD24957}.Debug|x86.Build.0 = Debug|Win32
		{83F15D90-A190-4247-BCF0-A36E5FD24957}.Release|x64.ActiveCfg = Release|x64
		{83F15D90-A190-4247-BCF0-A36E5FD24957}.Release|x64.Build.0 = Release|x64
		{83F15D90-A190-4247-BCF0-A36E5FD24957}.Release|x86.ActiveCfg = Release|Win32
		{83F15D90-A190-4247-BCF0-A36E5FD24957}.Release|x86.Build.0 = Release|Win32
		{3D9859CF-9B9B-4B66-960C-250D5BADD1FB}.Debug|x64.ActiveCfg = Debug|x64
		{3D9859CF-9B9B-4B66-960C-250D5BADD1FB}.Debug|x64.Build.0 = Debug|x64
		{3D9859CF-9B9B-4B66-960C-250D5BADD1FB}.Debug|x86.ActiveCfg = Debug|Win32
		{3D9859CF-9B9B-4B66-960C-250D5BADD1FB}.Debug|x86.Build.0 = Debug|Win32
		{3D9859CF-9B9B-4B66-960C-250D5BADD1FB}.Release|x64.ActiveCfg = Release|x64
		{3D9859CF-9B9B-4B66-960C-250D5BADD1FB}.Release|x64.Build.0 = Release|x64
		{3D9859CF-9B9B-4B66-960C-250D5BADD1FB}.Release|x86.ActiveCfg = Release|Win32
		{3D9859CF-9B9B-4B66-960C-250D5BADD1FB}.Release|x86.Build.0 = Release|Win32
		{30EF42D4-4582-433A-9940-7882962640A3}.Debug|x64.ActiveCfg = Debug|x64
		{30EF42D4-4582-433A-9940-7882962640A3}.Debug|x64.Build.0 = Debug|x64
		{30EF42D4-4582-433A-9940-7882962640A3}.Debug|x86.ActiveCfg = Debug|Win32
		{30EF42D4-4582-433A-9940-7882962640A3}.Debug|x86.Build.0 = Debug|Win32
		{30EF42D4-4582-433A-9940-7882962640A3}.Release|x64.ActiveCfg = Release|x64
		{30EF42D4-4582-433A-9940-7882962640A3}.Release|x64.Build.0 = Release|x64
		{30EF42D4-4582-433A-9940-7882962640A3}.Release|x86.ActiveCfg = Release|Win32
		{30EF42D4-4582-433A-9940-7882962640A3}.Release|x86.Build.0 = Release|Win32
	EndGlobalSection
	GlobalSection(SolutionProperties) = preSolution
		HideSolutionNode = FALSE
	EndGlobalSection
	GlobalSection(ExtensibilityGlobals) = postSolution
		SolutionGuid = {9FEEFE4B-2B73-4537-87DA-29AD3919D07A}
	EndGlobalSection
EndGlobal
